// !$*UTF8*$!
{
	archiveVersion = 1;
	classes = {
	};
	objectVersion = 51;
	objects = {

/* Begin PBXBuildFile section */
		13992219BCC0736164BF7428 /* Pods_WhatToWearToday.framework in Frameworks */ = {isa = PBXBuildFile; fileRef = CE69C4885DF5C48EA23ACBDE /* Pods_WhatToWearToday.framework */; };
		5203BDC3242615B500FF4DDF /* FindCityMap.storyboard in Resources */ = {isa = PBXBuildFile; fileRef = 5203BDC2242615B500FF4DDF /* FindCityMap.storyboard */; };
		5203BDC72426173B00FF4DDF /* WWCityDetailsTableViewController.swift in Sources */ = {isa = PBXBuildFile; fileRef = 5203BDC62426173B00FF4DDF /* WWCityDetailsTableViewController.swift */; };
		5203BDCA24261BCA00FF4DDF /* StoryboardIdentifiable.swift in Sources */ = {isa = PBXBuildFile; fileRef = 5203BDC924261BCA00FF4DDF /* StoryboardIdentifiable.swift */; };
		5203BDCC24261BEF00FF4DDF /* SegueHandlerType.swift in Sources */ = {isa = PBXBuildFile; fileRef = 5203BDCB24261BEF00FF4DDF /* SegueHandlerType.swift */; };
		5203BDD224261D9900FF4DDF /* CityDetailsTableViewCell.swift in Sources */ = {isa = PBXBuildFile; fileRef = 5203BDD124261D9900FF4DDF /* CityDetailsTableViewCell.swift */; };
		5203BDD424261EC400FF4DDF /* WeatherModel.swift in Sources */ = {isa = PBXBuildFile; fileRef = 5203BDD324261EC400FF4DDF /* WeatherModel.swift */; };
		5203BDD62426215E00FF4DDF /* CityDetailsModel.swift in Sources */ = {isa = PBXBuildFile; fileRef = 5203BDD52426215E00FF4DDF /* CityDetailsModel.swift */; };
		52CCFE2D24268CA00052A5D1 /* PlaceMark.swift in Sources */ = {isa = PBXBuildFile; fileRef = 52CCFE2C24268CA00052A5D1 /* PlaceMark.swift */; };
		52CD4C922424D7A200762F9A /* AppDelegate.swift in Sources */ = {isa = PBXBuildFile; fileRef = 52CD4C912424D7A200762F9A /* AppDelegate.swift */; };
		52CD4C942424D7A200762F9A /* SceneDelegate.swift in Sources */ = {isa = PBXBuildFile; fileRef = 52CD4C932424D7A200762F9A /* SceneDelegate.swift */; };
		52CD4C992424D7A200762F9A /* Main.storyboard in Resources */ = {isa = PBXBuildFile; fileRef = 52CD4C972424D7A200762F9A /* Main.storyboard */; };
		52CD4C9B2424D7A500762F9A /* Assets.xcassets in Resources */ = {isa = PBXBuildFile; fileRef = 52CD4C9A2424D7A500762F9A /* Assets.xcassets */; };
		52CD4C9E2424D7A500762F9A /* LaunchScreen.storyboard in Resources */ = {isa = PBXBuildFile; fileRef = 52CD4C9C2424D7A500762F9A /* LaunchScreen.storyboard */; };
		52CD4CB424250FFE00762F9A /* UIRoundedView.swift in Sources */ = {isa = PBXBuildFile; fileRef = 52CD4CB324250FFE00762F9A /* UIRoundedView.swift */; };
		52CD4CB62425139B00762F9A /* HomeViewController.swift in Sources */ = {isa = PBXBuildFile; fileRef = 52CD4CB52425139B00762F9A /* HomeViewController.swift */; };
		52CD4CBA242514E200762F9A /* UIExtendedView.swift in Sources */ = {isa = PBXBuildFile; fileRef = 52CD4CB9242514E200762F9A /* UIExtendedView.swift */; };
		52CD4CBC24251AB800762F9A /* FindCityMapViewController.swift in Sources */ = {isa = PBXBuildFile; fileRef = 52CD4CBB24251AB800762F9A /* FindCityMapViewController.swift */; };
		52CD4CC0242537C800762F9A /* DEPENDENCIES.md in Resources */ = {isa = PBXBuildFile; fileRef = 52CD4CBF242537C800762F9A /* DEPENDENCIES.md */; };
		52CD4CC2242537E900762F9A /* AppDependency.swift in Sources */ = {isa = PBXBuildFile; fileRef = 52CD4CC1242537E900762F9A /* AppDependency.swift */; };
		52CD4CC4242537F600762F9A /* CoreDependency.swift in Sources */ = {isa = PBXBuildFile; fileRef = 52CD4CC3242537F600762F9A /* CoreDependency.swift */; };
		52CD4CC62425386E00762F9A /* Dependency.swift in Sources */ = {isa = PBXBuildFile; fileRef = 52CD4CC52425386E00762F9A /* Dependency.swift */; };
		52CD4CCC2425391900762F9A /* LocationService.swift in Sources */ = {isa = PBXBuildFile; fileRef = 52CD4CCB2425391900762F9A /* LocationService.swift */; };
		52CD4CCE2425392300762F9A /* MockLocationService.swift in Sources */ = {isa = PBXBuildFile; fileRef = 52CD4CCD2425392300762F9A /* MockLocationService.swift */; };
		52CD4CD02425392A00762F9A /* WWLocationService.swift in Sources */ = {isa = PBXBuildFile; fileRef = 52CD4CCF2425392A00762F9A /* WWLocationService.swift */; };
/* End PBXBuildFile section */

/* Begin PBXFileReference section */
		2A5243026BCB3BBA0BA62AF3 /* Pods-WhatToWearToday.debug.xcconfig */ = {isa = PBXFileReference; includeInIndex = 1; lastKnownFileType = text.xcconfig; name = "Pods-WhatToWearToday.debug.xcconfig"; path = "Target Support Files/Pods-WhatToWearToday/Pods-WhatToWearToday.debug.xcconfig"; sourceTree = "<group>"; };
		5203BDC2242615B500FF4DDF /* FindCityMap.storyboard */ = {isa = PBXFileReference; lastKnownFileType = file.storyboard; path = FindCityMap.storyboard; sourceTree = "<group>"; };
		5203BDC62426173B00FF4DDF /* WWCityDetailsTableViewController.swift */ = {isa = PBXFileReference; lastKnownFileType = sourcecode.swift; path = WWCityDetailsTableViewController.swift; sourceTree = "<group>"; };
		5203BDC924261BCA00FF4DDF /* StoryboardIdentifiable.swift */ = {isa = PBXFileReference; lastKnownFileType = sourcecode.swift; path = StoryboardIdentifiable.swift; sourceTree = "<group>"; };
		5203BDCB24261BEF00FF4DDF /* SegueHandlerType.swift */ = {isa = PBXFileReference; lastKnownFileType = sourcecode.swift; path = SegueHandlerType.swift; sourceTree = "<group>"; };
		5203BDD124261D9900FF4DDF /* CityDetailsTableViewCell.swift */ = {isa = PBXFileReference; lastKnownFileType = sourcecode.swift; path = CityDetailsTableViewCell.swift; sourceTree = "<group>"; };
		5203BDD324261EC400FF4DDF /* WeatherModel.swift */ = {isa = PBXFileReference; lastKnownFileType = sourcecode.swift; path = WeatherModel.swift; sourceTree = "<group>"; };
		5203BDD52426215E00FF4DDF /* CityDetailsModel.swift */ = {isa = PBXFileReference; lastKnownFileType = sourcecode.swift; path = CityDetailsModel.swift; sourceTree = "<group>"; };
		52CCFE2C24268CA00052A5D1 /* PlaceMark.swift */ = {isa = PBXFileReference; lastKnownFileType = sourcecode.swift; path = PlaceMark.swift; sourceTree = "<group>"; };
		52CD4C8E2424D7A200762F9A /* WhatToWearToday.app */ = {isa = PBXFileReference; explicitFileType = wrapper.application; includeInIndex = 0; path = WhatToWearToday.app; sourceTree = BUILT_PRODUCTS_DIR; };
		52CD4C912424D7A200762F9A /* AppDelegate.swift */ = {isa = PBXFileReference; lastKnownFileType = sourcecode.swift; path = AppDelegate.swift; sourceTree = "<group>"; };
		52CD4C932424D7A200762F9A /* SceneDelegate.swift */ = {isa = PBXFileReference; lastKnownFileType = sourcecode.swift; path = SceneDelegate.swift; sourceTree = "<group>"; };
		52CD4C982424D7A200762F9A /* Base */ = {isa = PBXFileReference; lastKnownFileType = file.storyboard; name = Base; path = Base.lproj/Main.storyboard; sourceTree = "<group>"; };
		52CD4C9A2424D7A500762F9A /* Assets.xcassets */ = {isa = PBXFileReference; lastKnownFileType = folder.assetcatalog; path = Assets.xcassets; sourceTree = "<group>"; };
		52CD4C9D2424D7A500762F9A /* Base */ = {isa = PBXFileReference; lastKnownFileType = file.storyboard; name = Base; path = Base.lproj/LaunchScreen.storyboard; sourceTree = "<group>"; };
		52CD4C9F2424D7A500762F9A /* Info.plist */ = {isa = PBXFileReference; lastKnownFileType = text.plist.xml; path = Info.plist; sourceTree = "<group>"; };
		52CD4CB324250FFE00762F9A /* UIRoundedView.swift */ = {isa = PBXFileReference; lastKnownFileType = sourcecode.swift; path = UIRoundedView.swift; sourceTree = "<group>"; };
		52CD4CB52425139B00762F9A /* HomeViewController.swift */ = {isa = PBXFileReference; lastKnownFileType = sourcecode.swift; path = HomeViewController.swift; sourceTree = "<group>"; };
		52CD4CB9242514E200762F9A /* UIExtendedView.swift */ = {isa = PBXFileReference; lastKnownFileType = sourcecode.swift; path = UIExtendedView.swift; sourceTree = "<group>"; };
		52CD4CBB24251AB800762F9A /* FindCityMapViewController.swift */ = {isa = PBXFileReference; lastKnownFileType = sourcecode.swift; path = FindCityMapViewController.swift; sourceTree = "<group>"; };
		52CD4CBF242537C800762F9A /* DEPENDENCIES.md */ = {isa = PBXFileReference; fileEncoding = 4; lastKnownFileType = net.daringfireball.markdown; path = DEPENDENCIES.md; sourceTree = "<group>"; };
		52CD4CC1242537E900762F9A /* AppDependency.swift */ = {isa = PBXFileReference; lastKnownFileType = sourcecode.swift; path = AppDependency.swift; sourceTree = "<group>"; };
		52CD4CC3242537F600762F9A /* CoreDependency.swift */ = {isa = PBXFileReference; lastKnownFileType = sourcecode.swift; path = CoreDependency.swift; sourceTree = "<group>"; };
		52CD4CC52425386E00762F9A /* Dependency.swift */ = {isa = PBXFileReference; lastKnownFileType = sourcecode.swift; path = Dependency.swift; sourceTree = "<group>"; };
		52CD4CCB2425391900762F9A /* LocationService.swift */ = {isa = PBXFileReference; lastKnownFileType = sourcecode.swift; path = LocationService.swift; sourceTree = "<group>"; };
		52CD4CCD2425392300762F9A /* MockLocationService.swift */ = {isa = PBXFileReference; lastKnownFileType = sourcecode.swift; path = MockLocationService.swift; sourceTree = "<group>"; };
		52CD4CCF2425392A00762F9A /* WWLocationService.swift */ = {isa = PBXFileReference; lastKnownFileType = sourcecode.swift; path = WWLocationService.swift; sourceTree = "<group>"; };
		CC55662C6D33BAF15B9BD1CA /* Pods-WhatToWearToday.release.xcconfig */ = {isa = PBXFileReference; includeInIndex = 1; lastKnownFileType = text.xcconfig; name = "Pods-WhatToWearToday.release.xcconfig"; path = "Target Support Files/Pods-WhatToWearToday/Pods-WhatToWearToday.release.xcconfig"; sourceTree = "<group>"; };
		CE69C4885DF5C48EA23ACBDE /* Pods_WhatToWearToday.framework */ = {isa = PBXFileReference; explicitFileType = wrapper.framework; includeInIndex = 0; path = Pods_WhatToWearToday.framework; sourceTree = BUILT_PRODUCTS_DIR; };
/* End PBXFileReference section */

/* Begin PBXFrameworksBuildPhase section */
		52CD4C8B2424D7A200762F9A /* Frameworks */ = {
			isa = PBXFrameworksBuildPhase;
			buildActionMask = 2147483647;
			files = (
				13992219BCC0736164BF7428 /* Pods_WhatToWearToday.framework in Frameworks */,
			);
			runOnlyForDeploymentPostprocessing = 0;
		};
/* End PBXFrameworksBuildPhase section */

/* Begin PBXGroup section */
		4A3DAF9C4EC0E9665EB15A9B /* Pods */ = {
			isa = PBXGroup;
			children = (
				2A5243026BCB3BBA0BA62AF3 /* Pods-WhatToWearToday.debug.xcconfig */,
				CC55662C6D33BAF15B9BD1CA /* Pods-WhatToWearToday.release.xcconfig */,
			);
			path = Pods;
			sourceTree = "<group>";
		};
		5203BDC4242615F800FF4DDF /* Home */ = {
			isa = PBXGroup;
			children = (
				52CD4CB52425139B00762F9A /* HomeViewController.swift */,
			);
			path = Home;
			sourceTree = "<group>";
		};
		5203BDC52426161A00FF4DDF /* FindCityMap */ = {
			isa = PBXGroup;
			children = (
				52CD4CBB24251AB800762F9A /* FindCityMapViewController.swift */,
				5203BDC62426173B00FF4DDF /* WWCityDetailsTableViewController.swift */,
			);
			path = FindCityMap;
			sourceTree = "<group>";
		};
		5203BDC824261BBC00FF4DDF /* Helpers */ = {
			isa = PBXGroup;
			children = (
				5203BDC924261BCA00FF4DDF /* StoryboardIdentifiable.swift */,
				5203BDCB24261BEF00FF4DDF /* SegueHandlerType.swift */,
			);
			path = Helpers;
			sourceTree = "<group>";
		};
		5203BDCD24261C8600FF4DDF /* Models */ = {
			isa = PBXGroup;
			children = (
				5203BDD52426215E00FF4DDF /* CityDetailsModel.swift */,
				5203BDD324261EC400FF4DDF /* WeatherModel.swift */,
				52CCFE2C24268CA00052A5D1 /* PlaceMark.swift */,
			);
			path = Models;
			sourceTree = "<group>";
		};
		5203BDD024261D2900FF4DDF /* Views */ = {
			isa = PBXGroup;
			children = (
				5203BDD124261D9900FF4DDF /* CityDetailsTableViewCell.swift */,
			);
			path = Views;
			sourceTree = "<group>";
		};
		52CD4C852424D7A200762F9A = {
			isa = PBXGroup;
			children = (
				52CD4C902424D7A200762F9A /* WhatToWearToday */,
				52CD4C8F2424D7A200762F9A /* Products */,
				4A3DAF9C4EC0E9665EB15A9B /* Pods */,
				944F35CD6A0E75DCEA263752 /* Frameworks */,
			);
			sourceTree = "<group>";
		};
		52CD4C8F2424D7A200762F9A /* Products */ = {
			isa = PBXGroup;
			children = (
				52CD4C8E2424D7A200762F9A /* WhatToWearToday.app */,
			);
			name = Products;
			sourceTree = "<group>";
		};
		52CD4C902424D7A200762F9A /* WhatToWearToday */ = {
			isa = PBXGroup;
			children = (
				52CD4C9F2424D7A500762F9A /* Info.plist */,
				52CD4C912424D7A200762F9A /* AppDelegate.swift */,
				52CD4C932424D7A200762F9A /* SceneDelegate.swift */,
				52CD4CBD242537A700762F9A /* Services */,
				5203BDCD24261C8600FF4DDF /* Models */,
				5203BDD024261D2900FF4DDF /* Views */,
				52CD4CAC24250F8200762F9A /* Storyboards */,
				52CD4CAB24250F7A00762F9A /* ViewControllers */,
				52CD4CAD24250F8C00762F9A /* GUI */,
				5203BDC824261BBC00FF4DDF /* Helpers */,
				52CD4C9A2424D7A500762F9A /* Assets.xcassets */,
				52CD4C9C2424D7A500762F9A /* LaunchScreen.storyboard */,
			);
			path = WhatToWearToday;
			sourceTree = "<group>";
		};
		52CD4CAB24250F7A00762F9A /* ViewControllers */ = {
			isa = PBXGroup;
			children = (
				5203BDC4242615F800FF4DDF /* Home */,
				5203BDC52426161A00FF4DDF /* FindCityMap */,
			);
			path = ViewControllers;
			sourceTree = "<group>";
		};
		52CD4CAC24250F8200762F9A /* Storyboards */ = {
			isa = PBXGroup;
			children = (
				52CD4C972424D7A200762F9A /* Main.storyboard */,
				5203BDC2242615B500FF4DDF /* FindCityMap.storyboard */,
			);
			path = Storyboards;
			sourceTree = "<group>";
		};
		52CD4CAD24250F8C00762F9A /* GUI */ = {
			isa = PBXGroup;
			children = (
				52CD4CB9242514E200762F9A /* UIExtendedView.swift */,
				52CD4CB324250FFE00762F9A /* UIRoundedView.swift */,
			);
			path = GUI;
			sourceTree = "<group>";
		};
		52CD4CBD242537A700762F9A /* Services */ = {
			isa = PBXGroup;
			children = (
				52CD4CBE242537B600762F9A /* DependencyContainer */,
				52CD4CC7242538D000762F9A /* LocationService */,
			);
			path = Services;
			sourceTree = "<group>";
		};
		52CD4CBE242537B600762F9A /* DependencyContainer */ = {
			isa = PBXGroup;
			children = (
				52CD4CBF242537C800762F9A /* DEPENDENCIES.md */,
				52CD4CC52425386E00762F9A /* Dependency.swift */,
				52CD4CC1242537E900762F9A /* AppDependency.swift */,
				52CD4CC3242537F600762F9A /* CoreDependency.swift */,
			);
			path = DependencyContainer;
			sourceTree = "<group>";
		};
		52CD4CC7242538D000762F9A /* LocationService */ = {
			isa = PBXGroup;
			children = (
				52CD4CCB2425391900762F9A /* LocationService.swift */,
				52CD4CCD2425392300762F9A /* MockLocationService.swift */,
				52CD4CCF2425392A00762F9A /* WWLocationService.swift */,
			);
			path = LocationService;
			sourceTree = "<group>";
		};
		944F35CD6A0E75DCEA263752 /* Frameworks */ = {
			isa = PBXGroup;
			children = (
				CE69C4885DF5C48EA23ACBDE /* Pods_WhatToWearToday.framework */,
			);
			name = Frameworks;
			sourceTree = "<group>";
		};
/* End PBXGroup section */

/* Begin PBXNativeTarget section */
		52CD4C8D2424D7A200762F9A /* WhatToWearToday */ = {
			isa = PBXNativeTarget;
			buildConfigurationList = 52CD4CA22424D7A500762F9A /* Build configuration list for PBXNativeTarget "WhatToWearToday" */;
			buildPhases = (
				3664A7825C191209E3FF8507 /* [CP] Check Pods Manifest.lock */,
				52CD4C8A2424D7A200762F9A /* Sources */,
				52CD4C8B2424D7A200762F9A /* Frameworks */,
				52CD4C8C2424D7A200762F9A /* Resources */,
				37C0786D0C66FD04D2ACED26 /* [CP] Embed Pods Frameworks */,
			);
			buildRules = (
			);
			dependencies = (
			);
			name = WhatToWearToday;
			productName = WhatToWearToday;
			productReference = 52CD4C8E2424D7A200762F9A /* WhatToWearToday.app */;
			productType = "com.apple.product-type.application";
		};
/* End PBXNativeTarget section */

/* Begin PBXProject section */
		52CD4C862424D7A200762F9A /* Project object */ = {
			isa = PBXProject;
			attributes = {
				CLASSPREFIX = WW;
				LastSwiftUpdateCheck = 1130;
				LastUpgradeCheck = 1130;
				ORGANIZATIONNAME = "Native Coders";
				TargetAttributes = {
					52CD4C8D2424D7A200762F9A = {
						CreatedOnToolsVersion = 11.3;
					};
				};
			};
			buildConfigurationList = 52CD4C892424D7A200762F9A /* Build configuration list for PBXProject "WhatToWearToday" */;
			compatibilityVersion = "Xcode 9.3";
			developmentRegion = en;
			hasScannedForEncodings = 0;
			knownRegions = (
				en,
				Base,
			);
			mainGroup = 52CD4C852424D7A200762F9A;
			productRefGroup = 52CD4C8F2424D7A200762F9A /* Products */;
			projectDirPath = "";
			projectRoot = "";
			targets = (
				52CD4C8D2424D7A200762F9A /* WhatToWearToday */,
			);
		};
/* End PBXProject section */

/* Begin PBXResourcesBuildPhase section */
		52CD4C8C2424D7A200762F9A /* Resources */ = {
			isa = PBXResourcesBuildPhase;
			buildActionMask = 2147483647;
			files = (
				52CD4C9E2424D7A500762F9A /* LaunchScreen.storyboard in Resources */,
				52CD4CC0242537C800762F9A /* DEPENDENCIES.md in Resources */,
				52CD4C9B2424D7A500762F9A /* Assets.xcassets in Resources */,
				5203BDC3242615B500FF4DDF /* FindCityMap.storyboard in Resources */,
				52CD4C992424D7A200762F9A /* Main.storyboard in Resources */,
			);
			runOnlyForDeploymentPostprocessing = 0;
		};
/* End PBXResourcesBuildPhase section */

/* Begin PBXShellScriptBuildPhase section */
		3664A7825C191209E3FF8507 /* [CP] Check Pods Manifest.lock */ = {
			isa = PBXShellScriptBuildPhase;
			buildActionMask = 2147483647;
			files = (
			);
			inputFileListPaths = (
			);
			inputPaths = (
				"${PODS_PODFILE_DIR_PATH}/Podfile.lock",
				"${PODS_ROOT}/Manifest.lock",
			);
			name = "[CP] Check Pods Manifest.lock";
			outputFileListPaths = (
			);
			outputPaths = (
				"$(DERIVED_FILE_DIR)/Pods-WhatToWearToday-checkManifestLockResult.txt",
			);
			runOnlyForDeploymentPostprocessing = 0;
			shellPath = /bin/sh;
			shellScript = "diff \"${PODS_PODFILE_DIR_PATH}/Podfile.lock\" \"${PODS_ROOT}/Manifest.lock\" > /dev/null\nif [ $? != 0 ] ; then\n    # print error to STDERR\n    echo \"error: The sandbox is not in sync with the Podfile.lock. Run 'pod install' or update your CocoaPods installation.\" >&2\n    exit 1\nfi\n# This output is used by Xcode 'outputs' to avoid re-running this script phase.\necho \"SUCCESS\" > \"${SCRIPT_OUTPUT_FILE_0}\"\n";
			showEnvVarsInLog = 0;
		};
		37C0786D0C66FD04D2ACED26 /* [CP] Embed Pods Frameworks */ = {
			isa = PBXShellScriptBuildPhase;
			buildActionMask = 2147483647;
			files = (
			);
			inputFileListPaths = (
				"${PODS_ROOT}/Target Support Files/Pods-WhatToWearToday/Pods-WhatToWearToday-frameworks-${CONFIGURATION}-input-files.xcfilelist",
			);
			name = "[CP] Embed Pods Frameworks";
			outputFileListPaths = (
				"${PODS_ROOT}/Target Support Files/Pods-WhatToWearToday/Pods-WhatToWearToday-frameworks-${CONFIGURATION}-output-files.xcfilelist",
			);
			runOnlyForDeploymentPostprocessing = 0;
			shellPath = /bin/sh;
			shellScript = "\"${PODS_ROOT}/Target Support Files/Pods-WhatToWearToday/Pods-WhatToWearToday-frameworks.sh\"\n";
			showEnvVarsInLog = 0;
		};
/* End PBXShellScriptBuildPhase section */

/* Begin PBXSourcesBuildPhase section */
		52CD4C8A2424D7A200762F9A /* Sources */ = {
			isa = PBXSourcesBuildPhase;
			buildActionMask = 2147483647;
			files = (
				5203BDCA24261BCA00FF4DDF /* StoryboardIdentifiable.swift in Sources */,
				52CD4CCE2425392300762F9A /* MockLocationService.swift in Sources */,
				52CD4C922424D7A200762F9A /* AppDelegate.swift in Sources */,
				52CD4CB424250FFE00762F9A /* UIRoundedView.swift in Sources */,
				5203BDC72426173B00FF4DDF /* WWCityDetailsTableViewController.swift in Sources */,
				52CD4CD02425392A00762F9A /* WWLocationService.swift in Sources */,
				52CD4C942424D7A200762F9A /* SceneDelegate.swift in Sources */,
				5203BDD224261D9900FF4DDF /* CityDetailsTableViewCell.swift in Sources */,
				52CCFE2D24268CA00052A5D1 /* PlaceMark.swift in Sources */,
				52CD4CC62425386E00762F9A /* Dependency.swift in Sources */,
				5203BDD62426215E00FF4DDF /* CityDetailsModel.swift in Sources */,
				52CD4CBA242514E200762F9A /* UIExtendedView.swift in Sources */,
				52CD4CB62425139B00762F9A /* HomeViewController.swift in Sources */,
				52CD4CCC2425391900762F9A /* LocationService.swift in Sources */,
				52CD4CBC24251AB800762F9A /* FindCityMapViewController.swift in Sources */,
				52CD4CC2242537E900762F9A /* AppDependency.swift in Sources */,
				5203BDD424261EC400FF4DDF /* WeatherModel.swift in Sources */,
				5203BDCC24261BEF00FF4DDF /* SegueHandlerType.swift in Sources */,
				52CD4CC4242537F600762F9A /* CoreDependency.swift in Sources */,
			);
			runOnlyForDeploymentPostprocessing = 0;
		};
/* End PBXSourcesBuildPhase section */

/* Begin PBXVariantGroup section */
		52CD4C972424D7A200762F9A /* Main.storyboard */ = {
			isa = PBXVariantGroup;
			children = (
				52CD4C982424D7A200762F9A /* Base */,
			);
			name = Main.storyboard;
			sourceTree = "<group>";
		};
		52CD4C9C2424D7A500762F9A /* LaunchScreen.storyboard */ = {
			isa = PBXVariantGroup;
			children = (
				52CD4C9D2424D7A500762F9A /* Base */,
			);
			name = LaunchScreen.storyboard;
			sourceTree = "<group>";
		};
/* End PBXVariantGroup section */

/* Begin XCBuildConfiguration section */
		52CD4CA02424D7A500762F9A /* Debug */ = {
			isa = XCBuildConfiguration;
			buildSettings = {
				ALWAYS_SEARCH_USER_PATHS = NO;
				CLANG_ANALYZER_NONNULL = YES;
				CLANG_ANALYZER_NUMBER_OBJECT_CONVERSION = YES_AGGRESSIVE;
				CLANG_CXX_LANGUAGE_STANDARD = "gnu++14";
				CLANG_CXX_LIBRARY = "libc++";
				CLANG_ENABLE_MODULES = YES;
				CLANG_ENABLE_OBJC_ARC = YES;
				CLANG_ENABLE_OBJC_WEAK = YES;
				CLANG_WARN_BLOCK_CAPTURE_AUTORELEASING = YES;
				CLANG_WARN_BOOL_CONVERSION = YES;
				CLANG_WARN_COMMA = YES;
				CLANG_WARN_CONSTANT_CONVERSION = YES;
				CLANG_WARN_DEPRECATED_OBJC_IMPLEMENTATIONS = YES;
				CLANG_WARN_DIRECT_OBJC_ISA_USAGE = YES_ERROR;
				CLANG_WARN_DOCUMENTATION_COMMENTS = YES;
				CLANG_WARN_EMPTY_BODY = YES;
				CLANG_WARN_ENUM_CONVERSION = YES;
				CLANG_WARN_INFINITE_RECURSION = YES;
				CLANG_WARN_INT_CONVERSION = YES;
				CLANG_WARN_NON_LITERAL_NULL_CONVERSION = YES;
				CLANG_WARN_OBJC_IMPLICIT_RETAIN_SELF = YES;
				CLANG_WARN_OBJC_LITERAL_CONVERSION = YES;
				CLANG_WARN_OBJC_ROOT_CLASS = YES_ERROR;
				CLANG_WARN_RANGE_LOOP_ANALYSIS = YES;
				CLANG_WARN_STRICT_PROTOTYPES = YES;
				CLANG_WARN_SUSPICIOUS_MOVE = YES;
				CLANG_WARN_UNGUARDED_AVAILABILITY = YES_AGGRESSIVE;
				CLANG_WARN_UNREACHABLE_CODE = YES;
				CLANG_WARN__DUPLICATE_METHOD_MATCH = YES;
				COPY_PHASE_STRIP = NO;
				DEBUG_INFORMATION_FORMAT = dwarf;
				ENABLE_STRICT_OBJC_MSGSEND = YES;
				ENABLE_TESTABILITY = YES;
				GCC_C_LANGUAGE_STANDARD = gnu11;
				GCC_DYNAMIC_NO_PIC = NO;
				GCC_NO_COMMON_BLOCKS = YES;
				GCC_OPTIMIZATION_LEVEL = 0;
				GCC_PREPROCESSOR_DEFINITIONS = (
					"DEBUG=1",
					"$(inherited)",
				);
				GCC_WARN_64_TO_32_BIT_CONVERSION = YES;
				GCC_WARN_ABOUT_RETURN_TYPE = YES_ERROR;
				GCC_WARN_UNDECLARED_SELECTOR = YES;
				GCC_WARN_UNINITIALIZED_AUTOS = YES_AGGRESSIVE;
				GCC_WARN_UNUSED_FUNCTION = YES;
				GCC_WARN_UNUSED_VARIABLE = YES;
				IPHONEOS_DEPLOYMENT_TARGET = 13.2;
				MTL_ENABLE_DEBUG_INFO = INCLUDE_SOURCE;
				MTL_FAST_MATH = YES;
				ONLY_ACTIVE_ARCH = YES;
				SDKROOT = iphoneos;
				SWIFT_ACTIVE_COMPILATION_CONDITIONS = DEBUG;
				SWIFT_OPTIMIZATION_LEVEL = "-Onone";
			};
			name = Debug;
		};
		52CD4CA12424D7A500762F9A /* Release */ = {
			isa = XCBuildConfiguration;
			buildSettings = {
				ALWAYS_SEARCH_USER_PATHS = NO;
				CLANG_ANALYZER_NONNULL = YES;
				CLANG_ANALYZER_NUMBER_OBJECT_CONVERSION = YES_AGGRESSIVE;
				CLANG_CXX_LANGUAGE_STANDARD = "gnu++14";
				CLANG_CXX_LIBRARY = "libc++";
				CLANG_ENABLE_MODULES = YES;
				CLANG_ENABLE_OBJC_ARC = YES;
				CLANG_ENABLE_OBJC_WEAK = YES;
				CLANG_WARN_BLOCK_CAPTURE_AUTORELEASING = YES;
				CLANG_WARN_BOOL_CONVERSION = YES;
				CLANG_WARN_COMMA = YES;
				CLANG_WARN_CONSTANT_CONVERSION = YES;
				CLANG_WARN_DEPRECATED_OBJC_IMPLEMENTATIONS = YES;
				CLANG_WARN_DIRECT_OBJC_ISA_USAGE = YES_ERROR;
				CLANG_WARN_DOCUMENTATION_COMMENTS = YES;
				CLANG_WARN_EMPTY_BODY = YES;
				CLANG_WARN_ENUM_CONVERSION = YES;
				CLANG_WARN_INFINITE_RECURSION = YES;
				CLANG_WARN_INT_CONVERSION = YES;
				CLANG_WARN_NON_LITERAL_NULL_CONVERSION = YES;
				CLANG_WARN_OBJC_IMPLICIT_RETAIN_SELF = YES;
				CLANG_WARN_OBJC_LITERAL_CONVERSION = YES;
				CLANG_WARN_OBJC_ROOT_CLASS = YES_ERROR;
				CLANG_WARN_RANGE_LOOP_ANALYSIS = YES;
				CLANG_WARN_STRICT_PROTOTYPES = YES;
				CLANG_WARN_SUSPICIOUS_MOVE = YES;
				CLANG_WARN_UNGUARDED_AVAILABILITY = YES_AGGRESSIVE;
				CLANG_WARN_UNREACHABLE_CODE = YES;
				CLANG_WARN__DUPLICATE_METHOD_MATCH = YES;
				COPY_PHASE_STRIP = NO;
				DEBUG_INFORMATION_FORMAT = "dwarf-with-dsym";
				ENABLE_NS_ASSERTIONS = NO;
				ENABLE_STRICT_OBJC_MSGSEND = YES;
				GCC_C_LANGUAGE_STANDARD = gnu11;
				GCC_NO_COMMON_BLOCKS = YES;
				GCC_WARN_64_TO_32_BIT_CONVERSION = YES;
				GCC_WARN_ABOUT_RETURN_TYPE = YES_ERROR;
				GCC_WARN_UNDECLARED_SELECTOR = YES;
				GCC_WARN_UNINITIALIZED_AUTOS = YES_AGGRESSIVE;
				GCC_WARN_UNUSED_FUNCTION = YES;
				GCC_WARN_UNUSED_VARIABLE = YES;
				IPHONEOS_DEPLOYMENT_TARGET = 13.2;
				MTL_ENABLE_DEBUG_INFO = NO;
				MTL_FAST_MATH = YES;
				SDKROOT = iphoneos;
				SWIFT_COMPILATION_MODE = wholemodule;
				SWIFT_OPTIMIZATION_LEVEL = "-O";
				VALIDATE_PRODUCT = YES;
			};
			name = Release;
		};
		52CD4CA32424D7A500762F9A /* Debug */ = {
			isa = XCBuildConfiguration;
			baseConfigurationReference = 2A5243026BCB3BBA0BA62AF3 /* Pods-WhatToWearToday.debug.xcconfig */;
			buildSettings = {
				ASSETCATALOG_COMPILER_APPICON_NAME = AppIcon;
				CODE_SIGN_STYLE = Automatic;
				DEVELOPMENT_TEAM = FSGKBKB5RK;
				INFOPLIST_FILE = WhatToWearToday/Info.plist;
				LD_RUNPATH_SEARCH_PATHS = (
					"$(inherited)",
					"@executable_path/Frameworks",
				);
				PRODUCT_BUNDLE_IDENTIFIER = com.nativecoders.WhatToWearToday2;
				PRODUCT_NAME = "$(TARGET_NAME)";
				SWIFT_VERSION = 5.0;
				TARGETED_DEVICE_FAMILY = 1;
			};
			name = Debug;
		};
		52CD4CA42424D7A500762F9A /* Release */ = {
			isa = XCBuildConfiguration;
			baseConfigurationReference = CC55662C6D33BAF15B9BD1CA /* Pods-WhatToWearToday.release.xcconfig */;
			buildSettings = {
				ASSETCATALOG_COMPILER_APPICON_NAME = AppIcon;
				CODE_SIGN_STYLE = Automatic;
				DEVELOPMENT_TEAM = FSGKBKB5RK;
				INFOPLIST_FILE = WhatToWearToday/Info.plist;
				LD_RUNPATH_SEARCH_PATHS = (
					"$(inherited)",
					"@executable_path/Frameworks",
				);
				PRODUCT_BUNDLE_IDENTIFIER = com.nativecoders.WhatToWearToday2;
				PRODUCT_NAME = "$(TARGET_NAME)";
				SWIFT_VERSION = 5.0;
				TARGETED_DEVICE_FAMILY = 1;
			};
			name = Release;
		};
/* End XCBuildConfiguration section */

/* Begin XCConfigurationList section */
		52CD4C892424D7A200762F9A /* Build configuration list for PBXProject "WhatToWearToday" */ = {
			isa = XCConfigurationList;
			buildConfigurations = (
				52CD4CA02424D7A500762F9A /* Debug */,
				52CD4CA12424D7A500762F9A /* Release */,
			);
			defaultConfigurationIsVisible = 0;
			defaultConfigurationName = Release;
		};
		52CD4CA22424D7A500762F9A /* Build configuration list for PBXNativeTarget "WhatToWearToday" */ = {
			isa = XCConfigurationList;
			buildConfigurations = (
				52CD4CA32424D7A500762F9A /* Debug */,
				52CD4CA42424D7A500762F9A /* Release */,
			);
			defaultConfigurationIsVisible = 0;
			defaultConfigurationName = Release;
		};
/* End XCConfigurationList section */
	};
	rootObject = 52CD4C862424D7A200762F9A /* Project object */;
}
